
Microsoft Visual Studio Solution File, Format Version 12.00
# Visual Studio Version 17
VisualStudioVersion = 17.14.36518.9 d17.14
MinimumVisualStudioVersion = 10.0.40219.1
Project("{FAE04EC0-301F-11D3-BF4B-00C04F79EFBC}") = "PONG", "PONG\PONG.csproj", "{624282C2-C0BC-415F-A031-9E8FBCA3C1BC}"
EndProject
Global
	GlobalSection(SolutionConfigurationPlatforms) = preSolution
		Debug|Any CPU = Debug|Any CPU
		Release|Any CPU = Release|Any CPU
	EndGlobalSection
	GlobalSection(ProjectConfigurationPlatforms) = postSolution
		{624282C2-C0BC-415F-A031-9E8FBCA3C1BC}.Debug|Any CPU.ActiveCfg = Debug|Any CPU
		{624282C2-C0BC-415F-A031-9E8FBCA3C1BC}.Debug|Any CPU.Build.0 = Debug|Any CPU
		{624282C2-C0BC-415F-A031-9E8FBCA3C1BC}.Release|Any CPU.ActiveCfg = Release|Any CPU
		{624282C2-C0BC-415F-A031-9E8FBCA3C1BC}.Release|Any CPU.Build.0 = Release|Any CPU
	EndGlobalSection
	GlobalSection(SolutionProperties) = preSolution
		HideSolutionNode = FALSE
	EndGlobalSection
	GlobalSection(ExtensibilityGlobals) = postSolution
		SolutionGuid = {27AEF879-FC76-454A-9EFB-C29DF063888F}
	EndGlobalSection
EndGlobal
